// !$*UTF8*$!
{
	archiveVersion = 1;
	classes = {
	};
	objectVersion = 50;
	objects = {

/* Begin PBXBuildFile section */
		377464812785D5200009BD20 /* AppDelegate.swift in Sources */ = {isa = PBXBuildFile; fileRef = 377464802785D5200009BD20 /* AppDelegate.swift */; };
		377464852785D5200009BD20 /* ViewController.swift in Sources */ = {isa = PBXBuildFile; fileRef = 377464842785D5200009BD20 /* ViewController.swift */; };
		3774648A2785D5220009BD20 /* Assets.xcassets in Resources */ = {isa = PBXBuildFile; fileRef = 377464892785D5220009BD20 /* Assets.xcassets */; };
		3774648D2785D5220009BD20 /* LaunchScreen.storyboard in Resources */ = {isa = PBXBuildFile; fileRef = 3774648B2785D5220009BD20 /* LaunchScreen.storyboard */; };
		377464982785D5220009BD20 /* InterFlixTests.swift in Sources */ = {isa = PBXBuildFile; fileRef = 377464972785D5220009BD20 /* InterFlixTests.swift */; };
		377464A32785D5230009BD20 /* InterFlixUITests.swift in Sources */ = {isa = PBXBuildFile; fileRef = 377464A22785D5230009BD20 /* InterFlixUITests.swift */; };
		377464B62785DA500009BD20 /* InicioViewController.swift in Sources */ = {isa = PBXBuildFile; fileRef = 377464B52785DA500009BD20 /* InicioViewController.swift */; };
		377464B82785DA680009BD20 /* PopularesViewController.swift in Sources */ = {isa = PBXBuildFile; fileRef = 377464B72785DA680009BD20 /* PopularesViewController.swift */; };
		377464BA2785DB6C0009BD20 /* APIRequest.swift in Sources */ = {isa = PBXBuildFile; fileRef = 377464B92785DB6C0009BD20 /* APIRequest.swift */; };
		377464BC2785E03F0009BD20 /* EndpointsIMDB.swift in Sources */ = {isa = PBXBuildFile; fileRef = 377464BB2785E03F0009BD20 /* EndpointsIMDB.swift */; };
		377464BE2785E3430009BD20 /* FilmeService.swift in Sources */ = {isa = PBXBuildFile; fileRef = 377464BD2785E3430009BD20 /* FilmeService.swift */; };
		377464C02785E3CA0009BD20 /* Filme.swift in Sources */ = {isa = PBXBuildFile; fileRef = 377464BF2785E3CA0009BD20 /* Filme.swift */; };
		377464C32785EB750009BD20 /* CategoriaTableViewCell.swift in Sources */ = {isa = PBXBuildFile; fileRef = 377464C12785EB750009BD20 /* CategoriaTableViewCell.swift */; };
		377464C72785EE320009BD20 /* FIlmeCollectionViewCell.swift in Sources */ = {isa = PBXBuildFile; fileRef = 377464C52785EE320009BD20 /* FIlmeCollectionViewCell.swift */; };
		377464CA2786266C0009BD20 /* RootTabBarViewController.swift in Sources */ = {isa = PBXBuildFile; fileRef = 377464C92786266C0009BD20 /* RootTabBarViewController.swift */; };
/* End PBXBuildFile section */

/* Begin PBXContainerItemProxy section */
		377464942785D5220009BD20 /* PBXContainerItemProxy */ = {
			isa = PBXContainerItemProxy;
			containerPortal = 377464752785D5200009BD20 /* Project object */;
			proxyType = 1;
			remoteGlobalIDString = 3774647C2785D5200009BD20;
			remoteInfo = InterFlix;
		};
		3774649F2785D5230009BD20 /* PBXContainerItemProxy */ = {
			isa = PBXContainerItemProxy;
			containerPortal = 377464752785D5200009BD20 /* Project object */;
			proxyType = 1;
			remoteGlobalIDString = 3774647C2785D5200009BD20;
			remoteInfo = InterFlix;
		};
/* End PBXContainerItemProxy section */

/* Begin PBXFileReference section */
		3774647D2785D5200009BD20 /* InterFlix.app */ = {isa = PBXFileReference; explicitFileType = wrapper.application; includeInIndex = 0; path = InterFlix.app; sourceTree = BUILT_PRODUCTS_DIR; };
		377464802785D5200009BD20 /* AppDelegate.swift */ = {isa = PBXFileReference; lastKnownFileType = sourcecode.swift; path = AppDelegate.swift; sourceTree = "<group>"; };
		377464842785D5200009BD20 /* ViewController.swift */ = {isa = PBXFileReference; lastKnownFileType = sourcecode.swift; path = ViewController.swift; sourceTree = "<group>"; };
		377464892785D5220009BD20 /* Assets.xcassets */ = {isa = PBXFileReference; lastKnownFileType = folder.assetcatalog; path = Assets.xcassets; sourceTree = "<group>"; };
		3774648C2785D5220009BD20 /* Base */ = {isa = PBXFileReference; lastKnownFileType = file.storyboard; name = Base; path = Base.lproj/LaunchScreen.storyboard; sourceTree = "<group>"; };
		3774648E2785D5220009BD20 /* Info.plist */ = {isa = PBXFileReference; lastKnownFileType = text.plist.xml; path = Info.plist; sourceTree = "<group>"; };
		377464932785D5220009BD20 /* InterFlixTests.xctest */ = {isa = PBXFileReference; explicitFileType = wrapper.cfbundle; includeInIndex = 0; path = InterFlixTests.xctest; sourceTree = BUILT_PRODUCTS_DIR; };
		377464972785D5220009BD20 /* InterFlixTests.swift */ = {isa = PBXFileReference; lastKnownFileType = sourcecode.swift; path = InterFlixTests.swift; sourceTree = "<group>"; };
		377464992785D5230009BD20 /* Info.plist */ = {isa = PBXFileReference; lastKnownFileType = text.plist.xml; path = Info.plist; sourceTree = "<group>"; };
		3774649E2785D5230009BD20 /* InterFlixUITests.xctest */ = {isa = PBXFileReference; explicitFileType = wrapper.cfbundle; includeInIndex = 0; path = InterFlixUITests.xctest; sourceTree = BUILT_PRODUCTS_DIR; };
		377464A22785D5230009BD20 /* InterFlixUITests.swift */ = {isa = PBXFileReference; lastKnownFileType = sourcecode.swift; path = InterFlixUITests.swift; sourceTree = "<group>"; };
		377464A42785D5230009BD20 /* Info.plist */ = {isa = PBXFileReference; lastKnownFileType = text.plist.xml; path = Info.plist; sourceTree = "<group>"; };
		377464B52785DA500009BD20 /* InicioViewController.swift */ = {isa = PBXFileReference; lastKnownFileType = sourcecode.swift; path = InicioViewController.swift; sourceTree = "<group>"; };
		377464B72785DA680009BD20 /* PopularesViewController.swift */ = {isa = PBXFileReference; lastKnownFileType = sourcecode.swift; path = PopularesViewController.swift; sourceTree = "<group>"; };
		377464B92785DB6C0009BD20 /* APIRequest.swift */ = {isa = PBXFileReference; lastKnownFileType = sourcecode.swift; path = APIRequest.swift; sourceTree = "<group>"; };
		377464BB2785E03F0009BD20 /* EndpointsIMDB.swift */ = {isa = PBXFileReference; lastKnownFileType = sourcecode.swift; path = EndpointsIMDB.swift; sourceTree = "<group>"; };
		377464BD2785E3430009BD20 /* FilmeService.swift */ = {isa = PBXFileReference; lastKnownFileType = sourcecode.swift; path = FilmeService.swift; sourceTree = "<group>"; };
		377464BF2785E3CA0009BD20 /* Filme.swift */ = {isa = PBXFileReference; lastKnownFileType = sourcecode.swift; path = Filme.swift; sourceTree = "<group>"; };
		377464C12785EB750009BD20 /* CategoriaTableViewCell.swift */ = {isa = PBXFileReference; lastKnownFileType = sourcecode.swift; path = CategoriaTableViewCell.swift; sourceTree = "<group>"; };
		377464C52785EE320009BD20 /* FIlmeCollectionViewCell.swift */ = {isa = PBXFileReference; lastKnownFileType = sourcecode.swift; path = FIlmeCollectionViewCell.swift; sourceTree = "<group>"; };
		377464C92786266C0009BD20 /* RootTabBarViewController.swift */ = {isa = PBXFileReference; lastKnownFileType = sourcecode.swift; path = RootTabBarViewController.swift; sourceTree = "<group>"; };
/* End PBXFileReference section */

/* Begin PBXFrameworksBuildPhase section */
		3774647A2785D5200009BD20 /* Frameworks */ = {
			isa = PBXFrameworksBuildPhase;
			buildActionMask = 2147483647;
			files = (
			);
			runOnlyForDeploymentPostprocessing = 0;
		};
		377464902785D5220009BD20 /* Frameworks */ = {
			isa = PBXFrameworksBuildPhase;
			buildActionMask = 2147483647;
			files = (
			);
			runOnlyForDeploymentPostprocessing = 0;
		};
		3774649B2785D5230009BD20 /* Frameworks */ = {
			isa = PBXFrameworksBuildPhase;
			buildActionMask = 2147483647;
			files = (
			);
			runOnlyForDeploymentPostprocessing = 0;
		};
/* End PBXFrameworksBuildPhase section */

/* Begin PBXGroup section */
		377464742785D5200009BD20 = {
			isa = PBXGroup;
			children = (
				3774647F2785D5200009BD20 /* InterFlix */,
				377464962785D5220009BD20 /* InterFlixTests */,
				377464A12785D5230009BD20 /* InterFlixUITests */,
				3774647E2785D5200009BD20 /* Products */,
			);
			sourceTree = "<group>";
		};
		3774647E2785D5200009BD20 /* Products */ = {
			isa = PBXGroup;
			children = (
				3774647D2785D5200009BD20 /* InterFlix.app */,
				377464932785D5220009BD20 /* InterFlixTests.xctest */,
				3774649E2785D5230009BD20 /* InterFlixUITests.xctest */,
			);
			name = Products;
			sourceTree = "<group>";
		};
		3774647F2785D5200009BD20 /* InterFlix */ = {
			isa = PBXGroup;
			children = (
				377464B42785DA160009BD20 /* Utils */,
				377464B32785DA0F0009BD20 /* Models */,
				377464B22785DA0A0009BD20 /* Views */,
				377464B12785DA060009BD20 /* Services */,
				377464B02785D9FB0009BD20 /* Controller */,
				377464802785D5200009BD20 /* AppDelegate.swift */,
				377464842785D5200009BD20 /* ViewController.swift */,
				377464892785D5220009BD20 /* Assets.xcassets */,
				3774648B2785D5220009BD20 /* LaunchScreen.storyboard */,
				3774648E2785D5220009BD20 /* Info.plist */,
			);
			path = InterFlix;
			sourceTree = "<group>";
		};
		377464962785D5220009BD20 /* InterFlixTests */ = {
			isa = PBXGroup;
			children = (
				377464972785D5220009BD20 /* InterFlixTests.swift */,
				377464992785D5230009BD20 /* Info.plist */,
			);
			path = InterFlixTests;
			sourceTree = "<group>";
		};
		377464A12785D5230009BD20 /* InterFlixUITests */ = {
			isa = PBXGroup;
			children = (
				377464A22785D5230009BD20 /* InterFlixUITests.swift */,
				377464A42785D5230009BD20 /* Info.plist */,
			);
			path = InterFlixUITests;
			sourceTree = "<group>";
		};
		377464B02785D9FB0009BD20 /* Controller */ = {
			isa = PBXGroup;
			children = (
				377464B52785DA500009BD20 /* InicioViewController.swift */,
				377464B72785DA680009BD20 /* PopularesViewController.swift */,
				377464C92786266C0009BD20 /* RootTabBarViewController.swift */,
			);
			path = Controller;
			sourceTree = "<group>";
		};
		377464B12785DA060009BD20 /* Services */ = {
			isa = PBXGroup;
			children = (
				377464BD2785E3430009BD20 /* FilmeService.swift */,
			);
			path = Services;
			sourceTree = "<group>";
		};
		377464B22785DA0A0009BD20 /* Views */ = {
			isa = PBXGroup;
			children = (
				377464C12785EB750009BD20 /* CategoriaTableViewCell.swift */,
				377464C52785EE320009BD20 /* FIlmeCollectionViewCell.swift */,
			);
			path = Views;
			sourceTree = "<group>";
		};
		377464B32785DA0F0009BD20 /* Models */ = {
			isa = PBXGroup;
			children = (
				377464BF2785E3CA0009BD20 /* Filme.swift */,
			);
			path = Models;
			sourceTree = "<group>";
		};
		377464B42785DA160009BD20 /* Utils */ = {
			isa = PBXGroup;
			children = (
				377464B92785DB6C0009BD20 /* APIRequest.swift */,
				377464BB2785E03F0009BD20 /* EndpointsIMDB.swift */,
			);
			path = Utils;
			sourceTree = "<group>";
		};
/* End PBXGroup section */

/* Begin PBXNativeTarget section */
		3774647C2785D5200009BD20 /* InterFlix */ = {
			isa = PBXNativeTarget;
			buildConfigurationList = 377464A72785D5230009BD20 /* Build configuration list for PBXNativeTarget "InterFlix" */;
			buildPhases = (
				377464792785D5200009BD20 /* Sources */,
				3774647A2785D5200009BD20 /* Frameworks */,
				3774647B2785D5200009BD20 /* Resources */,
			);
			buildRules = (
			);
			dependencies = (
			);
			name = InterFlix;
			productName = InterFlix;
			productReference = 3774647D2785D5200009BD20 /* InterFlix.app */;
			productType = "com.apple.product-type.application";
		};
		377464922785D5220009BD20 /* InterFlixTests */ = {
			isa = PBXNativeTarget;
			buildConfigurationList = 377464AA2785D5230009BD20 /* Build configuration list for PBXNativeTarget "InterFlixTests" */;
			buildPhases = (
				3774648F2785D5220009BD20 /* Sources */,
				377464902785D5220009BD20 /* Frameworks */,
				377464912785D5220009BD20 /* Resources */,
			);
			buildRules = (
			);
			dependencies = (
				377464952785D5220009BD20 /* PBXTargetDependency */,
			);
			name = InterFlixTests;
			productName = InterFlixTests;
			productReference = 377464932785D5220009BD20 /* InterFlixTests.xctest */;
			productType = "com.apple.product-type.bundle.unit-test";
		};
		3774649D2785D5230009BD20 /* InterFlixUITests */ = {
			isa = PBXNativeTarget;
			buildConfigurationList = 377464AD2785D5230009BD20 /* Build configuration list for PBXNativeTarget "InterFlixUITests" */;
			buildPhases = (
				3774649A2785D5230009BD20 /* Sources */,
				3774649B2785D5230009BD20 /* Frameworks */,
				3774649C2785D5230009BD20 /* Resources */,
			);
			buildRules = (
			);
			dependencies = (
				377464A02785D5230009BD20 /* PBXTargetDependency */,
			);
			name = InterFlixUITests;
			productName = InterFlixUITests;
			productReference = 3774649E2785D5230009BD20 /* InterFlixUITests.xctest */;
			productType = "com.apple.product-type.bundle.ui-testing";
		};
/* End PBXNativeTarget section */

/* Begin PBXProject section */
		377464752785D5200009BD20 /* Project object */ = {
			isa = PBXProject;
			attributes = {
				LastSwiftUpdateCheck = 1250;
				LastUpgradeCheck = 1250;
				TargetAttributes = {
					3774647C2785D5200009BD20 = {
						CreatedOnToolsVersion = 12.5;
					};
					377464922785D5220009BD20 = {
						CreatedOnToolsVersion = 12.5;
						TestTargetID = 3774647C2785D5200009BD20;
					};
					3774649D2785D5230009BD20 = {
						CreatedOnToolsVersion = 12.5;
						TestTargetID = 3774647C2785D5200009BD20;
					};
				};
			};
			buildConfigurationList = 377464782785D5200009BD20 /* Build configuration list for PBXProject "InterFlix" */;
			compatibilityVersion = "Xcode 9.3";
			developmentRegion = en;
			hasScannedForEncodings = 0;
			knownRegions = (
				en,
				Base,
			);
			mainGroup = 377464742785D5200009BD20;
			productRefGroup = 3774647E2785D5200009BD20 /* Products */;
			projectDirPath = "";
			projectRoot = "";
			targets = (
				3774647C2785D5200009BD20 /* InterFlix */,
				377464922785D5220009BD20 /* InterFlixTests */,
				3774649D2785D5230009BD20 /* InterFlixUITests */,
			);
		};
/* End PBXProject section */

/* Begin PBXResourcesBuildPhase section */
		3774647B2785D5200009BD20 /* Resources */ = {
			isa = PBXResourcesBuildPhase;
			buildActionMask = 2147483647;
			files = (
				3774648D2785D5220009BD20 /* LaunchScreen.storyboard in Resources */,
				3774648A2785D5220009BD20 /* Assets.xcassets in Resources */,
			);
			runOnlyForDeploymentPostprocessing = 0;
		};
		377464912785D5220009BD20 /* Resources */ = {
			isa = PBXResourcesBuildPhase;
			buildActionMask = 2147483647;
			files = (
			);
			runOnlyForDeploymentPostprocessing = 0;
		};
		3774649C2785D5230009BD20 /* Resources */ = {
			isa = PBXResourcesBuildPhase;
			buildActionMask = 2147483647;
			files = (
			);
			runOnlyForDeploymentPostprocessing = 0;
		};
/* End PBXResourcesBuildPhase section */

/* Begin PBXSourcesBuildPhase section */
		377464792785D5200009BD20 /* Sources */ = {
			isa = PBXSourcesBuildPhase;
			buildActionMask = 2147483647;
			files = (
				377464C72785EE320009BD20 /* FIlmeCollectionViewCell.swift in Sources */,
				377464BC2785E03F0009BD20 /* EndpointsIMDB.swift in Sources */,
				377464C02785E3CA0009BD20 /* Filme.swift in Sources */,
				377464852785D5200009BD20 /* ViewController.swift in Sources */,
				377464CA2786266C0009BD20 /* RootTabBarViewController.swift in Sources */,
				377464B82785DA680009BD20 /* PopularesViewController.swift in Sources */,
				377464BE2785E3430009BD20 /* FilmeService.swift in Sources */,
				377464C32785EB750009BD20 /* CategoriaTableViewCell.swift in Sources */,
				377464812785D5200009BD20 /* AppDelegate.swift in Sources */,
				377464BA2785DB6C0009BD20 /* APIRequest.swift in Sources */,
				377464B62785DA500009BD20 /* InicioViewController.swift in Sources */,
			);
			runOnlyForDeploymentPostprocessing = 0;
		};
		3774648F2785D5220009BD20 /* Sources */ = {
			isa = PBXSourcesBuildPhase;
			buildActionMask = 2147483647;
			files = (
				377464982785D5220009BD20 /* InterFlixTests.swift in Sources */,
			);
			runOnlyForDeploymentPostprocessing = 0;
		};
		3774649A2785D5230009BD20 /* Sources */ = {
			isa = PBXSourcesBuildPhase;
			buildActionMask = 2147483647;
			files = (
				377464A32785D5230009BD20 /* InterFlixUITests.swift in Sources */,
			);
			runOnlyForDeploymentPostprocessing = 0;
		};
/* End PBXSourcesBuildPhase section */

/* Begin PBXTargetDependency section */
		377464952785D5220009BD20 /* PBXTargetDependency */ = {
			isa = PBXTargetDependency;
			target = 3774647C2785D5200009BD20 /* InterFlix */;
			targetProxy = 377464942785D5220009BD20 /* PBXContainerItemProxy */;
		};
		377464A02785D5230009BD20 /* PBXTargetDependency */ = {
			isa = PBXTargetDependency;
			target = 3774647C2785D5200009BD20 /* InterFlix */;
			targetProxy = 3774649F2785D5230009BD20 /* PBXContainerItemProxy */;
		};
/* End PBXTargetDependency section */

/* Begin PBXVariantGroup section */
		3774648B2785D5220009BD20 /* LaunchScreen.storyboard */ = {
			isa = PBXVariantGroup;
			children = (
				3774648C2785D5220009BD20 /* Base */,
			);
			name = LaunchScreen.storyboard;
			sourceTree = "<group>";
		};
/* End PBXVariantGroup section */

/* Begin XCBuildConfiguration section */
		377464A52785D5230009BD20 /* Debug */ = {
			isa = XCBuildConfiguration;
			buildSettings = {
				ALWAYS_SEARCH_USER_PATHS = NO;
				CLANG_ANALYZER_NONNULL = YES;
				CLANG_ANALYZER_NUMBER_OBJECT_CONVERSION = YES_AGGRESSIVE;
				CLANG_CXX_LANGUAGE_STANDARD = "gnu++14";
				CLANG_CXX_LIBRARY = "libc++";
				CLANG_ENABLE_MODULES = YES;
				CLANG_ENABLE_OBJC_ARC = YES;
				CLANG_ENABLE_OBJC_WEAK = YES;
				CLANG_WARN_BLOCK_CAPTURE_AUTORELEASING = YES;
				CLANG_WARN_BOOL_CONVERSION = YES;
				CLANG_WARN_COMMA = YES;
				CLANG_WARN_CONSTANT_CONVERSION = YES;
				CLANG_WARN_DEPRECATED_OBJC_IMPLEMENTATIONS = YES;
				CLANG_WARN_DIRECT_OBJC_ISA_USAGE = YES_ERROR;
				CLANG_WARN_DOCUMENTATION_COMMENTS = YES;
				CLANG_WARN_EMPTY_BODY = YES;
				CLANG_WARN_ENUM_CONVERSION = YES;
				CLANG_WARN_INFINITE_RECURSION = YES;
				CLANG_WARN_INT_CONVERSION = YES;
				CLANG_WARN_NON_LITERAL_NULL_CONVERSION = YES;
				CLANG_WARN_OBJC_IMPLICIT_RETAIN_SELF = YES;
				CLANG_WARN_OBJC_LITERAL_CONVERSION = YES;
				CLANG_WARN_OBJC_ROOT_CLASS = YES_ERROR;
				CLANG_WARN_QUOTED_INCLUDE_IN_FRAMEWORK_HEADER = YES;
				CLANG_WARN_RANGE_LOOP_ANALYSIS = YES;
				CLANG_WARN_STRICT_PROTOTYPES = YES;
				CLANG_WARN_SUSPICIOUS_MOVE = YES;
				CLANG_WARN_UNGUARDED_AVAILABILITY = YES_AGGRESSIVE;
				CLANG_WARN_UNREACHABLE_CODE = YES;
				CLANG_WARN__DUPLICATE_METHOD_MATCH = YES;
				COPY_PHASE_STRIP = NO;
				DEBUG_INFORMATION_FORMAT = dwarf;
				ENABLE_STRICT_OBJC_MSGSEND = YES;
				ENABLE_TESTABILITY = YES;
				GCC_C_LANGUAGE_STANDARD = gnu11;
				GCC_DYNAMIC_NO_PIC = NO;
				GCC_NO_COMMON_BLOCKS = YES;
				GCC_OPTIMIZATION_LEVEL = 0;
				GCC_PREPROCESSOR_DEFINITIONS = (
					"DEBUG=1",
					"$(inherited)",
				);
				GCC_WARN_64_TO_32_BIT_CONVERSION = YES;
				GCC_WARN_ABOUT_RETURN_TYPE = YES_ERROR;
				GCC_WARN_UNDECLARED_SELECTOR = YES;
				GCC_WARN_UNINITIALIZED_AUTOS = YES_AGGRESSIVE;
				GCC_WARN_UNUSED_FUNCTION = YES;
				GCC_WARN_UNUSED_VARIABLE = YES;
				IPHONEOS_DEPLOYMENT_TARGET = 14.5;
				MTL_ENABLE_DEBUG_INFO = INCLUDE_SOURCE;
				MTL_FAST_MATH = YES;
				ONLY_ACTIVE_ARCH = YES;
				SDKROOT = iphoneos;
				SWIFT_ACTIVE_COMPILATION_CONDITIONS = DEBUG;
				SWIFT_OPTIMIZATION_LEVEL = "-Onone";
			};
			name = Debug;
		};
		377464A62785D5230009BD20 /* Release */ = {
			isa = XCBuildConfiguration;
			buildSettings = {
				ALWAYS_SEARCH_USER_PATHS = NO;
				CLANG_ANALYZER_NONNULL = YES;
				CLANG_ANALYZER_NUMBER_OBJECT_CONVERSION = YES_AGGRESSIVE;
				CLANG_CXX_LANGUAGE_STANDARD = "gnu++14";
				CLANG_CXX_LIBRARY = "libc++";
				CLANG_ENABLE_MODULES = YES;
				CLANG_ENABLE_OBJC_ARC = YES;
				CLANG_ENABLE_OBJC_WEAK = YES;
				CLANG_WARN_BLOCK_CAPTURE_AUTORELEASING = YES;
				CLANG_WARN_BOOL_CONVERSION = YES;
				CLANG_WARN_COMMA = YES;
				CLANG_WARN_CONSTANT_CONVERSION = YES;
				CLANG_WARN_DEPRECATED_OBJC_IMPLEMENTATIONS = YES;
				CLANG_WARN_DIRECT_OBJC_ISA_USAGE = YES_ERROR;
				CLANG_WARN_DOCUMENTATION_COMMENTS = YES;
				CLANG_WARN_EMPTY_BODY = YES;
				CLANG_WARN_ENUM_CONVERSION = YES;
				CLANG_WARN_INFINITE_RECURSION = YES;
				CLANG_WARN_INT_CONVERSION = YES;
				CLANG_WARN_NON_LITERAL_NULL_CONVERSION = YES;
				CLANG_WARN_OBJC_IMPLICIT_RETAIN_SELF = YES;
				CLANG_WARN_OBJC_LITERAL_CONVERSION = YES;
				CLANG_WARN_OBJC_ROOT_CLASS = YES_ERROR;
				CLANG_WARN_QUOTED_INCLUDE_IN_FRAMEWORK_HEADER = YES;
				CLANG_WARN_RANGE_LOOP_ANALYSIS = YES;
				CLANG_WARN_STRICT_PROTOTYPES = YES;
				CLANG_WARN_SUSPICIOUS_MOVE = YES;
				CLANG_WARN_UNGUARDED_AVAILABILITY = YES_AGGRESSIVE;
				CLANG_WARN_UNREACHABLE_CODE = YES;
				CLANG_WARN__DUPLICATE_METHOD_MATCH = YES;
				COPY_PHASE_STRIP = NO;
				DEBUG_INFORMATION_FORMAT = "dwarf-with-dsym";
				ENABLE_NS_ASSERTIONS = NO;
				ENABLE_STRICT_OBJC_MSGSEND = YES;
				GCC_C_LANGUAGE_STANDARD = gnu11;
				GCC_NO_COMMON_BLOCKS = YES;
				GCC_WARN_64_TO_32_BIT_CONVERSION = YES;
				GCC_WARN_ABOUT_RETURN_TYPE = YES_ERROR;
				GCC_WARN_UNDECLARED_SELECTOR = YES;
				GCC_WARN_UNINITIALIZED_AUTOS = YES_AGGRESSIVE;
				GCC_WARN_UNUSED_FUNCTION = YES;
				GCC_WARN_UNUSED_VARIABLE = YES;
				IPHONEOS_DEPLOYMENT_TARGET = 14.5;
				MTL_ENABLE_DEBUG_INFO = NO;
				MTL_FAST_MATH = YES;
				SDKROOT = iphoneos;
				SWIFT_COMPILATION_MODE = wholemodule;
				SWIFT_OPTIMIZATION_LEVEL = "-O";
				VALIDATE_PRODUCT = YES;
			};
			name = Release;
		};
		377464A82785D5230009BD20 /* Debug */ = {
			isa = XCBuildConfiguration;
			buildSettings = {
				ASSETCATALOG_COMPILER_APPICON_NAME = AppIcon;
				ASSETCATALOG_COMPILER_GLOBAL_ACCENT_COLOR_NAME = AccentColor;
				CODE_SIGN_STYLE = Automatic;
				INFOPLIST_FILE = InterFlix/Info.plist;
				IPHONEOS_DEPLOYMENT_TARGET = 13.0;
				LD_RUNPATH_SEARCH_PATHS = (
					"$(inherited)",
					"@executable_path/Frameworks",
				);
				PRODUCT_BUNDLE_IDENTIFIER = com.inter.InterFlix;
				PRODUCT_NAME = "$(TARGET_NAME)";
				SWIFT_VERSION = 5.0;
				TARGETED_DEVICE_FAMILY = "1,2";
			};
			name = Debug;
		};
		377464A92785D5230009BD20 /* Release */ = {
			isa = XCBuildConfiguration;
			buildSettings = {
				ASSETCATALOG_COMPILER_APPICON_NAME = AppIcon;
				ASSETCATALOG_COMPILER_GLOBAL_ACCENT_COLOR_NAME = AccentColor;
				CODE_SIGN_STYLE = Automatic;
				INFOPLIST_FILE = InterFlix/Info.plist;
				IPHONEOS_DEPLOYMENT_TARGET = 13.0;
				LD_RUNPATH_SEARCH_PATHS = (
					"$(inherited)",
					"@executable_path/Frameworks",
				);
				PRODUCT_BUNDLE_IDENTIFIER = com.inter.InterFlix;
				PRODUCT_NAME = "$(TARGET_NAME)";
				SWIFT_VERSION = 5.0;
				TARGETED_DEVICE_FAMILY = "1,2";
			};
			name = Release;
		};
		377464AB2785D5230009BD20 /* Debug */ = {
			isa = XCBuildConfiguration;
			buildSettings = {
				ALWAYS_EMBED_SWIFT_STANDARD_LIBRARIES = YES;
				BUNDLE_LOADER = "$(TEST_HOST)";
				CODE_SIGN_STYLE = Automatic;
				INFOPLIST_FILE = InterFlixTests/Info.plist;
				IPHONEOS_DEPLOYMENT_TARGET = 14.5;
				LD_RUNPATH_SEARCH_PATHS = (
					"$(inherited)",
					"@executable_path/Frameworks",
					"@loader_path/Frameworks",
				);
				PRODUCT_BUNDLE_IDENTIFIER = com.inter.InterFlixTests;
				PRODUCT_NAME = "$(TARGET_NAME)";
				SWIFT_VERSION = 5.0;
				TARGETED_DEVICE_FAMILY = "1,2";
				TEST_HOST = "$(BUILT_PRODUCTS_DIR)/InterFlix.app/InterFlix";
			};
			name = Debug;
		};
		377464AC2785D5230009BD20 /* Release */ = {
			isa = XCBuildConfiguration;
			buildSettings = {
				ALWAYS_EMBED_SWIFT_STANDARD_LIBRARIES = YES;
				BUNDLE_LOADER = "$(TEST_HOST)";
				CODE_SIGN_STYLE = Automatic;
				INFOPLIST_FILE = InterFlixTests/Info.plist;
				IPHONEOS_DEPLOYMENT_TARGET = 14.5;
				LD_RUNPATH_SEARCH_PATHS = (
					"$(inherited)",
					"@executable_path/Frameworks",
					"@loader_path/Frameworks",
				);
				PRODUCT_BUNDLE_IDENTIFIER = com.inter.InterFlixTests;
				PRODUCT_NAME = "$(TARGET_NAME)";
				SWIFT_VERSION = 5.0;
				TARGETED_DEVICE_FAMILY = "1,2";
				TEST_HOST = "$(BUILT_PRODUCTS_DIR)/InterFlix.app/InterFlix";
			};
			name = Release;
		};
		377464AE2785D5230009BD20 /* Debug */ = {
			isa = XCBuildConfiguration;
			buildSettings = {
				ALWAYS_EMBED_SWIFT_STANDARD_LIBRARIES = YES;
				CODE_SIGN_STYLE = Automatic;
				INFOPLIST_FILE = InterFlixUITests/Info.plist;
				LD_RUNPATH_SEARCH_PATHS = (
					"$(inherited)",
					"@executable_path/Frameworks",
					"@loader_path/Frameworks",
				);
				PRODUCT_BUNDLE_IDENTIFIER = com.inter.InterFlixUITests;
				PRODUCT_NAME = "$(TARGET_NAME)";
				SWIFT_VERSION = 5.0;
				TARGETED_DEVICE_FAMILY = "1,2";
				TEST_TARGET_NAME = InterFlix;
			};
			name = Debug;
		};
		377464AF2785D5230009BD20 /* Release */ = {
			isa = XCBuildConfiguration;
			buildSettings = {
				ALWAYS_EMBED_SWIFT_STANDARD_LIBRARIES = YES;
				CODE_SIGN_STYLE = Automatic;
				INFOPLIST_FILE = InterFlixUITests/Info.plist;
				LD_RUNPATH_SEARCH_PATHS = (
					"$(inherited)",
					"@executable_path/Frameworks",
					"@loader_path/Frameworks",
				);
				PRODUCT_BUNDLE_IDENTIFIER = com.inter.InterFlixUITests;
				PRODUCT_NAME = "$(TARGET_NAME)";
				SWIFT_VERSION = 5.0;
				TARGETED_DEVICE_FAMILY = "1,2";
				TEST_TARGET_NAME = InterFlix;
			};
			name = Release;
		};
/* End XCBuildConfiguration section */

/* Begin XCConfigurationList section */
		377464782785D5200009BD20 /* Build configuration list for PBXProject "InterFlix" */ = {
			isa = XCConfigurationList;
			buildConfigurations = (
				377464A52785D5230009BD20 /* Debug */,
				377464A62785D5230009BD20 /* Release */,
			);
			defaultConfigurationIsVisible = 0;
			defaultConfigurationName = Release;
		};
		377464A72785D5230009BD20 /* Build configuration list for PBXNativeTarget "InterFlix" */ = {
			isa = XCConfigurationList;
			buildConfigurations = (
				377464A82785D5230009BD20 /* Debug */,
				377464A92785D5230009BD20 /* Release */,
			);
			defaultConfigurationIsVisible = 0;
			defaultConfigurationName = Release;
		};
		377464AA2785D5230009BD20 /* Build configuration list for PBXNativeTarget "InterFlixTests" */ = {
			isa = XCConfigurationList;
			buildConfigurations = (
				377464AB2785D5230009BD20 /* Debug */,
				377464AC2785D5230009BD20 /* Release */,
			);
			defaultConfigurationIsVisible = 0;
			defaultConfigurationName = Release;
		};
		377464AD2785D5230009BD20 /* Build configuration list for PBXNativeTarget "InterFlixUITests" */ = {
			isa = XCConfigurationList;
			buildConfigurations = (
				377464AE2785D5230009BD20 /* Debug */,
				377464AF2785D5230009BD20 /* Release */,
			);
			defaultConfigurationIsVisible = 0;
			defaultConfigurationName = Release;
		};
/* End XCConfigurationList section */
	};
	rootObject = 377464752785D5200009BD20 /* Project object */;
}
